PODS:
  - Flutter (1.0.0)
  - music_channel_ios (0.0.1):
    - Flutter

DEPENDENCIES:
  - Flutter (from `Flutter`)
  - music_channel_ios (from `.symlinks/plugins/music_channel_ios/ios`)

EXTERNAL SOURCES:
  Flutter:
    :path: Flutter
  music_channel_ios:
    :path: ".symlinks/plugins/music_channel_ios/ios"

SPEC CHECKSUMS:
  Flutter: 71a624a5bc0c04062bf19101d501e466baf2fb47
  music_channel_ios: 35796d52eca0c74366ffd5110fde4687ba1a96ff

PODFILE CHECKSUM: ee7e973af42900d45b1c9173539f2cd2f71ed40e

COCOAPODS: 1.17.0
