PODS:
  - FlutterMacOS (1.0.0)
  - music_channel_macos (0.0.1):
    - FlutterMacOS

DEPENDENCIES:
  - FlutterMacOS (from `Flutter/ephemeral`)
  - music_channel_macos (from `Flutter/ephemeral/.symlinks/plugins/music_channel_macos/macos`)

EXTERNAL SOURCES:
  FlutterMacOS:
    :path: Flutter/ephemeral
  music_channel_macos:
    :path: Flutter/ephemeral/.symlinks/plugins/music_channel_macos/macos

SPEC CHECKSUMS:
  FlutterMacOS: c232990155153907050900a2e175c7773903ba4e
  music_channel_macos: 6439761d38cbca98b063d0bf1a10bb32e512beff

PODFILE CHECKSUM: d6804ebb8a80e18d7166dc9576ae9ead7523666c

COCOAPODS: 1.17.0
